
Microsoft Visual Studio Solution File, Format Version 12.00
# Visual Studio Version 16
VisualStudioVersion = 16.0.31005.135
MinimumVisualStudioVersion = 10.0.40219.1
Project("{FAE04EC0-301F-11D3-BF4B-00C04F79EFBC}") = "ZD5", "ZD5.csproj", "{DE7E59B5-35D1-4D52-A100-E0C74B7DA95A}"
EndProject
Global
	GlobalSection(SolutionConfigurationPlatforms) = preSolution
		Debug|Any CPU = Debug|Any CPU
		Release|Any CPU = Release|Any CPU
	EndGlobalSection
	GlobalSection(ProjectConfigurationPlatforms) = postSolution
		{DE7E59B5-35D1-4D52-A100-E0C74B7DA95A}.Debug|Any CPU.ActiveCfg = Debug|Any CPU
		{DE7E59B5-35D1-4D52-A100-E0C74B7DA95A}.Debug|Any CPU.Build.0 = Debug|Any CPU
		{DE7E59B5-35D1-4D52-A100-E0C74B7DA95A}.Release|Any CPU.ActiveCfg = Release|Any CPU
		{DE7E59B5-35D1-4D52-A100-E0C74B7DA95A}.Release|Any CPU.Build.0 = Release|Any CPU
	EndGlobalSection
	GlobalSection(SolutionProperties) = preSolution
		HideSolutionNode = FALSE
	EndGlobalSection
	GlobalSection(ExtensibilityGlobals) = postSolution
		SolutionGuid = {1DB738E9-FEF6-4998-B7BA-97E192D85ABE}
	EndGlobalSection
EndGlobal
