
Microsoft Visual Studio Solution File, Format Version 12.00
# Visual Studio Version 16
VisualStudioVersion = 16.0.31005.135
MinimumVisualStudioVersion = 10.0.40219.1
Project("{FAE04EC0-301F-11D3-BF4B-00C04F79EFBC}") = "ZD3C", "ZD3C.csproj", "{ED4E8E49-7845-41E6-AB31-6D0B7FCE6E5B}"
EndProject
Global
	GlobalSection(SolutionConfigurationPlatforms) = preSolution
		Debug|Any CPU = Debug|Any CPU
		Release|Any CPU = Release|Any CPU
	EndGlobalSection
	GlobalSection(ProjectConfigurationPlatforms) = postSolution
		{ED4E8E49-7845-41E6-AB31-6D0B7FCE6E5B}.Debug|Any CPU.ActiveCfg = Debug|Any CPU
		{ED4E8E49-7845-41E6-AB31-6D0B7FCE6E5B}.Debug|Any CPU.Build.0 = Debug|Any CPU
		{ED4E8E49-7845-41E6-AB31-6D0B7FCE6E5B}.Release|Any CPU.ActiveCfg = Release|Any CPU
		{ED4E8E49-7845-41E6-AB31-6D0B7FCE6E5B}.Release|Any CPU.Build.0 = Release|Any CPU
	EndGlobalSection
	GlobalSection(SolutionProperties) = preSolution
		HideSolutionNode = FALSE
	EndGlobalSection
	GlobalSection(ExtensibilityGlobals) = postSolution
		SolutionGuid = {08A00E36-495D-494A-A6BC-B3CC5ADC1FD0}
	EndGlobalSection
EndGlobal
